// !$*UTF8*$!
{
	archiveVersion = 1;
	classes = {
	};
	objectVersion = 50;
	objects = {

/* Begin PBXBuildFile section */
		661EDCE526F4CFAC00F947D8 /* Astronaut.swift in Sources */ = {isa = PBXBuildFile; fileRef = 661EDCE426F4CFAC00F947D8 /* Astronaut.swift */; };
		661EDCE726F4D03300F947D8 /* Bundle-Decodable.swift in Sources */ = {isa = PBXBuildFile; fileRef = 661EDCE626F4D03300F947D8 /* Bundle-Decodable.swift */; };
		661EDCE926F4D18F00F947D8 /* Mission.swift in Sources */ = {isa = PBXBuildFile; fileRef = 661EDCE826F4D18F00F947D8 /* Mission.swift */; };
		662B2FD526F9F8B80017BC04 /* MissionView.swift in Sources */ = {isa = PBXBuildFile; fileRef = 662B2FD426F9F8B80017BC04 /* MissionView.swift */; };
		662B2FD726F9FD520017BC04 /* AstronautView.swift in Sources */ = {isa = PBXBuildFile; fileRef = 662B2FD626F9FD520017BC04 /* AstronautView.swift */; };
		66D04EC326FA2D1200DE9F00 /* astronauts.json in Resources */ = {isa = PBXBuildFile; fileRef = 66D04EC126FA2D1200DE9F00 /* astronauts.json */; };
		66D04EC426FA2D1200DE9F00 /* missions.json in Resources */ = {isa = PBXBuildFile; fileRef = 66D04EC226FA2D1200DE9F00 /* missions.json */; };
		66DD691E26F33E7F00FF3090 /* MoonshotApp.swift in Sources */ = {isa = PBXBuildFile; fileRef = 66DD691D26F33E7F00FF3090 /* MoonshotApp.swift */; };
		66DD692026F33E7F00FF3090 /* ContentView.swift in Sources */ = {isa = PBXBuildFile; fileRef = 66DD691F26F33E7F00FF3090 /* ContentView.swift */; };
		66DD692226F33E8000FF3090 /* Assets.xcassets in Resources */ = {isa = PBXBuildFile; fileRef = 66DD692126F33E8000FF3090 /* Assets.xcassets */; };
		66DD692526F33E8000FF3090 /* Preview Assets.xcassets in Resources */ = {isa = PBXBuildFile; fileRef = 66DD692426F33E8000FF3090 /* Preview Assets.xcassets */; };
/* End PBXBuildFile section */

/* Begin PBXFileReference section */
		661EDCE426F4CFAC00F947D8 /* Astronaut.swift */ = {isa = PBXFileReference; lastKnownFileType = sourcecode.swift; path = Astronaut.swift; sourceTree = "<group>"; };
		661EDCE626F4D03300F947D8 /* Bundle-Decodable.swift */ = {isa = PBXFileReference; lastKnownFileType = sourcecode.swift; path = "Bundle-Decodable.swift"; sourceTree = "<group>"; };
		661EDCE826F4D18F00F947D8 /* Mission.swift */ = {isa = PBXFileReference; lastKnownFileType = sourcecode.swift; path = Mission.swift; sourceTree = "<group>"; };
		662B2FD426F9F8B80017BC04 /* MissionView.swift */ = {isa = PBXFileReference; lastKnownFileType = sourcecode.swift; path = MissionView.swift; sourceTree = "<group>"; };
		662B2FD626F9FD520017BC04 /* AstronautView.swift */ = {isa = PBXFileReference; lastKnownFileType = sourcecode.swift; path = AstronautView.swift; sourceTree = "<group>"; };
		66D04EC126FA2D1200DE9F00 /* astronauts.json */ = {isa = PBXFileReference; fileEncoding = 4; lastKnownFileType = text.json; path = astronauts.json; sourceTree = "<group>"; };
		66D04EC226FA2D1200DE9F00 /* missions.json */ = {isa = PBXFileReference; fileEncoding = 4; lastKnownFileType = text.json; path = missions.json; sourceTree = "<group>"; };
		66DD691A26F33E7F00FF3090 /* Moonshot.app */ = {isa = PBXFileReference; explicitFileType = wrapper.application; includeInIndex = 0; path = Moonshot.app; sourceTree = BUILT_PRODUCTS_DIR; };
		66DD691D26F33E7F00FF3090 /* MoonshotApp.swift */ = {isa = PBXFileReference; lastKnownFileType = sourcecode.swift; path = MoonshotApp.swift; sourceTree = "<group>"; };
		66DD691F26F33E7F00FF3090 /* ContentView.swift */ = {isa = PBXFileReference; lastKnownFileType = sourcecode.swift; path = ContentView.swift; sourceTree = "<group>"; };
		66DD692126F33E8000FF3090 /* Assets.xcassets */ = {isa = PBXFileReference; lastKnownFileType = folder.assetcatalog; path = Assets.xcassets; sourceTree = "<group>"; };
		66DD692426F33E8000FF3090 /* Preview Assets.xcassets */ = {isa = PBXFileReference; lastKnownFileType = folder.assetcatalog; path = "Preview Assets.xcassets"; sourceTree = "<group>"; };
		66DD692626F33E8000FF3090 /* Info.plist */ = {isa = PBXFileReference; lastKnownFileType = text.plist.xml; path = Info.plist; sourceTree = "<group>"; };
/* End PBXFileReference section */

/* Begin PBXFrameworksBuildPhase section */
		66DD691726F33E7F00FF3090 /* Frameworks */ = {
			isa = PBXFrameworksBuildPhase;
			buildActionMask = 2147483647;
			files = (
			);
			runOnlyForDeploymentPostprocessing = 0;
		};
/* End PBXFrameworksBuildPhase section */

/* Begin PBXGroup section */
		665C442C26FC94B80072F4A2 /* Model */ = {
			isa = PBXGroup;
			children = (
				661EDCE426F4CFAC00F947D8 /* Astronaut.swift */,
				661EDCE826F4D18F00F947D8 /* Mission.swift */,
			);
			name = Model;
			sourceTree = "<group>";
		};
		665C442D26FC94EB0072F4A2 /* Data */ = {
			isa = PBXGroup;
			children = (
				66D04EC226FA2D1200DE9F00 /* missions.json */,
				66D04EC126FA2D1200DE9F00 /* astronauts.json */,
			);
			name = Data;
			sourceTree = "<group>";
		};
		665C442E26FC94F40072F4A2 /* View */ = {
			isa = PBXGroup;
			children = (
				662B2FD626F9FD520017BC04 /* AstronautView.swift */,
				66DD691F26F33E7F00FF3090 /* ContentView.swift */,
				662B2FD426F9F8B80017BC04 /* MissionView.swift */,
			);
			path = View;
			sourceTree = "<group>";
		};
		66DD691126F33E7F00FF3090 = {
			isa = PBXGroup;
			children = (
				66DD691C26F33E7F00FF3090 /* Moonshot */,
				66DD691B26F33E7F00FF3090 /* Products */,
			);
			sourceTree = "<group>";
		};
		66DD691B26F33E7F00FF3090 /* Products */ = {
			isa = PBXGroup;
			children = (
				66DD691A26F33E7F00FF3090 /* Moonshot.app */,
			);
			name = Products;
			sourceTree = "<group>";
		};
		66DD691C26F33E7F00FF3090 /* Moonshot */ = {
			isa = PBXGroup;
			children = (
				665C442E26FC94F40072F4A2 /* View */,
				665C442D26FC94EB0072F4A2 /* Data */,
				665C442C26FC94B80072F4A2 /* Model */,
				66DD691D26F33E7F00FF3090 /* MoonshotApp.swift */,
				661EDCE626F4D03300F947D8 /* Bundle-Decodable.swift */,
				66DD692126F33E8000FF3090 /* Assets.xcassets */,
				66DD692626F33E8000FF3090 /* Info.plist */,
				66DD692326F33E8000FF3090 /* Preview Content */,
			);
			path = Moonshot;
			sourceTree = "<group>";
		};
		66DD692326F33E8000FF3090 /* Preview Content */ = {
			isa = PBXGroup;
			children = (
				66DD692426F33E8000FF3090 /* Preview Assets.xcassets */,
			);
			path = "Preview Content";
			sourceTree = "<group>";
		};
/* End PBXGroup section */

/* Begin PBXNativeTarget section */
		66DD691926F33E7F00FF3090 /* Moonshot */ = {
			isa = PBXNativeTarget;
			buildConfigurationList = 66DD692926F33E8000FF3090 /* Build configuration list for PBXNativeTarget "Moonshot" */;
			buildPhases = (
				66DD691626F33E7F00FF3090 /* Sources */,
				66DD691726F33E7F00FF3090 /* Frameworks */,
				66DD691826F33E7F00FF3090 /* Resources */,
			);
			buildRules = (
			);
			dependencies = (
			);
			name = Moonshot;
			productName = Moonshot;
			productReference = 66DD691A26F33E7F00FF3090 /* Moonshot.app */;
			productType = "com.apple.product-type.application";
		};
/* End PBXNativeTarget section */

/* Begin PBXProject section */
		66DD691226F33E7F00FF3090 /* Project object */ = {
			isa = PBXProject;
			attributes = {
				LastSwiftUpdateCheck = 1250;
				LastUpgradeCheck = 1250;
				TargetAttributes = {
					66DD691926F33E7F00FF3090 = {
						CreatedOnToolsVersion = 12.5.1;
					};
				};
			};
			buildConfigurationList = 66DD691526F33E7F00FF3090 /* Build configuration list for PBXProject "Moonshot" */;
			compatibilityVersion = "Xcode 9.3";
			developmentRegion = en;
			hasScannedForEncodings = 0;
			knownRegions = (
				en,
				Base,
			);
			mainGroup = 66DD691126F33E7F00FF3090;
			productRefGroup = 66DD691B26F33E7F00FF3090 /* Products */;
			projectDirPath = "";
			projectRoot = "";
			targets = (
				66DD691926F33E7F00FF3090 /* Moonshot */,
			);
		};
/* End PBXProject section */

/* Begin PBXResourcesBuildPhase section */
		66DD691826F33E7F00FF3090 /* Resources */ = {
			isa = PBXResourcesBuildPhase;
			buildActionMask = 2147483647;
			files = (
				66D04EC326FA2D1200DE9F00 /* astronauts.json in Resources */,
				66DD692526F33E8000FF3090 /* Preview Assets.xcassets in Resources */,
				66D04EC426FA2D1200DE9F00 /* missions.json in Resources */,
				66DD692226F33E8000FF3090 /* Assets.xcassets in Resources */,
			);
			runOnlyForDeploymentPostprocessing = 0;
		};
/* End PBXResourcesBuildPhase section */

/* Begin PBXSourcesBuildPhase section */
		66DD691626F33E7F00FF3090 /* Sources */ = {
			isa = PBXSourcesBuildPhase;
			buildActionMask = 2147483647;
			files = (
				662B2FD726F9FD520017BC04 /* AstronautView.swift in Sources */,
				66DD692026F33E7F00FF3090 /* ContentView.swift in Sources */,
				661EDCE526F4CFAC00F947D8 /* Astronaut.swift in Sources */,
				66DD691E26F33E7F00FF3090 /* MoonshotApp.swift in Sources */,
				661EDCE926F4D18F00F947D8 /* Mission.swift in Sources */,
				661EDCE726F4D03300F947D8 /* Bundle-Decodable.swift in Sources */,
				662B2FD526F9F8B80017BC04 /* MissionView.swift in Sources */,
			);
			runOnlyForDeploymentPostprocessing = 0;
		};
/* End PBXSourcesBuildPhase section */

/* Begin XCBuildConfiguration section */
		66DD692726F33E8000FF3090 /* Debug */ = {
			isa = XCBuildConfiguration;
			buildSettings = {
				ALWAYS_SEARCH_USER_PATHS = NO;
				CLANG_ANALYZER_NONNULL = YES;
				CLANG_ANALYZER_NUMBER_OBJECT_CONVERSION = YES_AGGRESSIVE;
				CLANG_CXX_LANGUAGE_STANDARD = "gnu++14";
				CLANG_CXX_LIBRARY = "libc++";
				CLANG_ENABLE_MODULES = YES;
				CLANG_ENABLE_OBJC_ARC = YES;
				CLANG_ENABLE_OBJC_WEAK = YES;
				CLANG_WARN_BLOCK_CAPTURE_AUTORELEASING = YES;
				CLANG_WARN_BOOL_CONVERSION = YES;
				CLANG_WARN_COMMA = YES;
				CLANG_WARN_CONSTANT_CONVERSION = YES;
				CLANG_WARN_DEPRECATED_OBJC_IMPLEMENTATIONS = YES;
				CLANG_WARN_DIRECT_OBJC_ISA_USAGE = YES_ERROR;
				CLANG_WARN_DOCUMENTATION_COMMENTS = YES;
				CLANG_WARN_EMPTY_BODY = YES;
				CLANG_WARN_ENUM_CONVERSION = YES;
				CLANG_WARN_INFINITE_RECURSION = YES;
				CLANG_WARN_INT_CONVERSION = YES;
				CLANG_WARN_NON_LITERAL_NULL_CONVERSION = YES;
				CLANG_WARN_OBJC_IMPLICIT_RETAIN_SELF = YES;
				CLANG_WARN_OBJC_LITERAL_CONVERSION = YES;
				CLANG_WARN_OBJC_ROOT_CLASS = YES_ERROR;
				CLANG_WARN_QUOTED_INCLUDE_IN_FRAMEWORK_HEADER = YES;
				CLANG_WARN_RANGE_LOOP_ANALYSIS = YES;
				CLANG_WARN_STRICT_PROTOTYPES = YES;
				CLANG_WARN_SUSPICIOUS_MOVE = YES;
				CLANG_WARN_UNGUARDED_AVAILABILITY = YES_AGGRESSIVE;
				CLANG_WARN_UNREACHABLE_CODE = YES;
				CLANG_WARN__DUPLICATE_METHOD_MATCH = YES;
				COPY_PHASE_STRIP = NO;
				DEBUG_INFORMATION_FORMAT = dwarf;
				ENABLE_STRICT_OBJC_MSGSEND = YES;
				ENABLE_TESTABILITY = YES;
				GCC_C_LANGUAGE_STANDARD = gnu11;
				GCC_DYNAMIC_NO_PIC = NO;
				GCC_NO_COMMON_BLOCKS = YES;
				GCC_OPTIMIZATION_LEVEL = 0;
				GCC_PREPROCESSOR_DEFINITIONS = (
					"DEBUG=1",
					"$(inherited)",
				);
				GCC_WARN_64_TO_32_BIT_CONVERSION = YES;
				GCC_WARN_ABOUT_RETURN_TYPE = YES_ERROR;
				GCC_WARN_UNDECLARED_SELECTOR = YES;
				GCC_WARN_UNINITIALIZED_AUTOS = YES_AGGRESSIVE;
				GCC_WARN_UNUSED_FUNCTION = YES;
				GCC_WARN_UNUSED_VARIABLE = YES;
				IPHONEOS_DEPLOYMENT_TARGET = 14.5;
				MTL_ENABLE_DEBUG_INFO = INCLUDE_SOURCE;
				MTL_FAST_MATH = YES;
				ONLY_ACTIVE_ARCH = YES;
				SDKROOT = iphoneos;
				SWIFT_ACTIVE_COMPILATION_CONDITIONS = DEBUG;
				SWIFT_OPTIMIZATION_LEVEL = "-Onone";
			};
			name = Debug;
		};
		66DD692826F33E8000FF3090 /* Release */ = {
			isa = XCBuildConfiguration;
			buildSettings = {
				ALWAYS_SEARCH_USER_PATHS = NO;
				CLANG_ANALYZER_NONNULL = YES;
				CLANG_ANALYZER_NUMBER_OBJECT_CONVERSION = YES_AGGRESSIVE;
				CLANG_CXX_LANGUAGE_STANDARD = "gnu++14";
				CLANG_CXX_LIBRARY = "libc++";
				CLANG_ENABLE_MODULES = YES;
				CLANG_ENABLE_OBJC_ARC = YES;
				CLANG_ENABLE_OBJC_WEAK = YES;
				CLANG_WARN_BLOCK_CAPTURE_AUTORELEASING = YES;
				CLANG_WARN_BOOL_CONVERSION = YES;
				CLANG_WARN_COMMA = YES;
				CLANG_WARN_CONSTANT_CONVERSION = YES;
				CLANG_WARN_DEPRECATED_OBJC_IMPLEMENTATIONS = YES;
				CLANG_WARN_DIRECT_OBJC_ISA_USAGE = YES_ERROR;
				CLANG_WARN_DOCUMENTATION_COMMENTS = YES;
				CLANG_WARN_EMPTY_BODY = YES;
				CLANG_WARN_ENUM_CONVERSION = YES;
				CLANG_WARN_INFINITE_RECURSION = YES;
				CLANG_WARN_INT_CONVERSION = YES;
				CLANG_WARN_NON_LITERAL_NULL_CONVERSION = YES;
				CLANG_WARN_OBJC_IMPLICIT_RETAIN_SELF = YES;
				CLANG_WARN_OBJC_LITERAL_CONVERSION = YES;
				CLANG_WARN_OBJC_ROOT_CLASS = YES_ERROR;
				CLANG_WARN_QUOTED_INCLUDE_IN_FRAMEWORK_HEADER = YES;
				CLANG_WARN_RANGE_LOOP_ANALYSIS = YES;
				CLANG_WARN_STRICT_PROTOTYPES = YES;
				CLANG_WARN_SUSPICIOUS_MOVE = YES;
				CLANG_WARN_UNGUARDED_AVAILABILITY = YES_AGGRESSIVE;
				CLANG_WARN_UNREACHABLE_CODE = YES;
				CLANG_WARN__DUPLICATE_METHOD_MATCH = YES;
				COPY_PHASE_STRIP = NO;
				DEBUG_INFORMATION_FORMAT = "dwarf-with-dsym";
				ENABLE_NS_ASSERTIONS = NO;
				ENABLE_STRICT_OBJC_MSGSEND = YES;
				GCC_C_LANGUAGE_STANDARD = gnu11;
				GCC_NO_COMMON_BLOCKS = YES;
				GCC_WARN_64_TO_32_BIT_CONVERSION = YES;
				GCC_WARN_ABOUT_RETURN_TYPE = YES_ERROR;
				GCC_WARN_UNDECLARED_SELECTOR = YES;
				GCC_WARN_UNINITIALIZED_AUTOS = YES_AGGRESSIVE;
				GCC_WARN_UNUSED_FUNCTION = YES;
				GCC_WARN_UNUSED_VARIABLE = YES;
				IPHONEOS_DEPLOYMENT_TARGET = 14.5;
				MTL_ENABLE_DEBUG_INFO = NO;
				MTL_FAST_MATH = YES;
				SDKROOT = iphoneos;
				SWIFT_COMPILATION_MODE = wholemodule;
				SWIFT_OPTIMIZATION_LEVEL = "-O";
				VALIDATE_PRODUCT = YES;
			};
			name = Release;
		};
		66DD692A26F33E8000FF3090 /* Debug */ = {
			isa = XCBuildConfiguration;
			buildSettings = {
				ASSETCATALOG_COMPILER_APPICON_NAME = AppIcon;
				ASSETCATALOG_COMPILER_GLOBAL_ACCENT_COLOR_NAME = AccentColor;
				CODE_SIGN_STYLE = Automatic;
				DEVELOPMENT_ASSET_PATHS = "\"Moonshot/Preview Content\"";
				DEVELOPMENT_TEAM = 3NCVRF3SR5;
				ENABLE_PREVIEWS = YES;
				INFOPLIST_FILE = Moonshot/Info.plist;
				IPHONEOS_DEPLOYMENT_TARGET = 14.0;
				LD_RUNPATH_SEARCH_PATHS = (
					"$(inherited)",
					"@executable_path/Frameworks",
				);
				PRODUCT_BUNDLE_IDENTIFIER = com.mavideniz.Moonshot;
				PRODUCT_NAME = "$(TARGET_NAME)";
				SWIFT_VERSION = 5.0;
				TARGETED_DEVICE_FAMILY = "1,2";
			};
			name = Debug;
		};
		66DD692B26F33E8000FF3090 /* Release */ = {
			isa = XCBuildConfiguration;
			buildSettings = {
				ASSETCATALOG_COMPILER_APPICON_NAME = AppIcon;
				ASSETCATALOG_COMPILER_GLOBAL_ACCENT_COLOR_NAME = AccentColor;
				CODE_SIGN_STYLE = Automatic;
				DEVELOPMENT_ASSET_PATHS = "\"Moonshot/Preview Content\"";
				DEVELOPMENT_TEAM = 3NCVRF3SR5;
				ENABLE_PREVIEWS = YES;
				INFOPLIST_FILE = Moonshot/Info.plist;
				IPHONEOS_DEPLOYMENT_TARGET = 14.0;
				LD_RUNPATH_SEARCH_PATHS = (
					"$(inherited)",
					"@executable_path/Frameworks",
				);
				PRODUCT_BUNDLE_IDENTIFIER = com.mavideniz.Moonshot;
				PRODUCT_NAME = "$(TARGET_NAME)";
				SWIFT_VERSION = 5.0;
				TARGETED_DEVICE_FAMILY = "1,2";
			};
			name = Release;
		};
/* End XCBuildConfiguration section */

/* Begin XCConfigurationList section */
		66DD691526F33E7F00FF3090 /* Build configuration list for PBXProject "Moonshot" */ = {
			isa = XCConfigurationList;
			buildConfigurations = (
				66DD692726F33E8000FF3090 /* Debug */,
				66DD692826F33E8000FF3090 /* Release */,
			);
			defaultConfigurationIsVisible = 0;
			defaultConfigurationName = Release;
		};
		66DD692926F33E8000FF3090 /* Build configuration list for PBXNativeTarget "Moonshot" */ = {
			isa = XCConfigurationList;
			buildConfigurations = (
				66DD692A26F33E8000FF3090 /* Debug */,
				66DD692B26F33E8000FF3090 /* Release */,
			);
			defaultConfigurationIsVisible = 0;
			defaultConfigurationName = Release;
		};
/* End XCConfigurationList section */
	};
	rootObject = 66DD691226F33E7F00FF3090 /* Project object */;
}
